// !$*UTF8*$!
{
	archiveVersion = 1;
	classes = {
	};
	objectVersion = 77;
	objects = {

/* Begin PBXBuildFile section */
		0731A026CADFC035EC703CAA /* Assets.xcassets in Resources */ = {isa = PBXBuildFile; fileRef = 7182D2A1F0516F088E9D5103 /* Assets.xcassets */; };
		0E38352EB6E01B34FC07290A /* MapDrawing.swift in Sources */ = {isa = PBXBuildFile; fileRef = F77C53C65C811AF380446C97 /* MapDrawing.swift */; };
		5B9E010D0DF6F36A67302C0F /* PaperModal.swift in Sources */ = {isa = PBXBuildFile; fileRef = 71CA69F3AFCBD5DDC296999B /* PaperModal.swift */; };
		81551C0A124F100FAAD321AF /* TransitAtelierApp.swift in Sources */ = {isa = PBXBuildFile; fileRef = 75C125C7AAB744786E033FCC /* TransitAtelierApp.swift */; };
		97D4B24545540207DE78C11A /* JourneyPostcard.swift in Sources */ = {isa = PBXBuildFile; fileRef = 50F772D0A3E199641C262480 /* JourneyPostcard.swift */; };
		D8D135A1A26CD56164D11478 /* TransitSimulation.swift in Sources */ = {isa = PBXBuildFile; fileRef = 55D2B041DFF290A15194337F /* TransitSimulation.swift */; };
/* End PBXBuildFile section */

/* Begin PBXFileReference section */
		50F772D0A3E199641C262480 /* JourneyPostcard.swift */ = {isa = PBXFileReference; lastKnownFileType = sourcecode.swift; path = JourneyPostcard.swift; sourceTree = "<group>"; };
		55D2B041DFF290A15194337F /* TransitSimulation.swift */ = {isa = PBXFileReference; lastKnownFileType = sourcecode.swift; path = TransitSimulation.swift; sourceTree = "<group>"; };
		7182D2A1F0516F088E9D5103 /* Assets.xcassets */ = {isa = PBXFileReference; lastKnownFileType = folder.assetcatalog; path = Assets.xcassets; sourceTree = "<group>"; };
		71CA69F3AFCBD5DDC296999B /* PaperModal.swift */ = {isa = PBXFileReference; lastKnownFileType = sourcecode.swift; path = PaperModal.swift; sourceTree = "<group>"; };
		75C125C7AAB744786E033FCC /* TransitAtelierApp.swift */ = {isa = PBXFileReference; lastKnownFileType = sourcecode.swift; path = TransitAtelierApp.swift; sourceTree = "<group>"; };
		BB5823367743AA9F264D0268 /* Info.plist */ = {isa = PBXFileReference; lastKnownFileType = text.plist; path = Info.plist; sourceTree = "<group>"; };
		BB7BDD4E180BBE461BB34378 /* TransitAtelier.app */ = {isa = PBXFileReference; includeInIndex = 0; lastKnownFileType = wrapper.application; path = TransitAtelier.app; sourceTree = BUILT_PRODUCTS_DIR; };
		F77C53C65C811AF380446C97 /* MapDrawing.swift */ = {isa = PBXFileReference; lastKnownFileType = sourcecode.swift; path = MapDrawing.swift; sourceTree = "<group>"; };
/* End PBXFileReference section */

/* Begin PBXGroup section */
		159944AE4BAAF212010C447C /* Resources */ = {
			isa = PBXGroup;
			children = (
				7182D2A1F0516F088E9D5103 /* Assets.xcassets */,
				BB5823367743AA9F264D0268 /* Info.plist */,
			);
			path = Resources;
			sourceTree = "<group>";
		};
		19E3DEC8ED0E7F11F9280C27 /* Core */ = {
			isa = PBXGroup;
			children = (
				55D2B041DFF290A15194337F /* TransitSimulation.swift */,
			);
			name = Core;
			path = Sources/Core;
			sourceTree = "<group>";
		};
		A2DA33D3D8D1822B91EB2FE2 /* Products */ = {
			isa = PBXGroup;
			children = (
				BB7BDD4E180BBE461BB34378 /* TransitAtelier.app */,
			);
			name = Products;
			sourceTree = "<group>";
		};
		B20FF980E0305C4B02658B38 /* App */ = {
			isa = PBXGroup;
			children = (
				50F772D0A3E199641C262480 /* JourneyPostcard.swift */,
				F77C53C65C811AF380446C97 /* MapDrawing.swift */,
				71CA69F3AFCBD5DDC296999B /* PaperModal.swift */,
				75C125C7AAB744786E033FCC /* TransitAtelierApp.swift */,
			);
			name = App;
			path = Sources/App;
			sourceTree = "<group>";
		};
		FE8D97D34A7284DF9EDA2020 = {
			isa = PBXGroup;
			children = (
				B20FF980E0305C4B02658B38 /* App */,
				19E3DEC8ED0E7F11F9280C27 /* Core */,
				159944AE4BAAF212010C447C /* Resources */,
				A2DA33D3D8D1822B91EB2FE2 /* Products */,
			);
			sourceTree = "<group>";
		};
/* End PBXGroup section */

/* Begin PBXNativeTarget section */
		38E6CDF2F48A805EF3FD8128 /* TransitAtelier */ = {
			isa = PBXNativeTarget;
			buildConfigurationList = 0A469A5D94477AA2B71C5908 /* Build configuration list for PBXNativeTarget "TransitAtelier" */;
			buildPhases = (
				C4E8BF48F76D91A8B27284F8 /* Sources */,
				D05792FE075F62C2CBAA21D9 /* Resources */,
			);
			buildRules = (
			);
			dependencies = (
			);
			name = TransitAtelier;
			packageProductDependencies = (
			);
			productName = TransitAtelier;
			productReference = BB7BDD4E180BBE461BB34378 /* TransitAtelier.app */;
			productType = "com.apple.product-type.application";
		};
/* End PBXNativeTarget section */

/* Begin PBXProject section */
		671D780C89DDB778E094D4FE /* Project object */ = {
			isa = PBXProject;
			attributes = {
				BuildIndependentTargetsInParallel = YES;
				LastUpgradeCheck = 1430;
				TargetAttributes = {
				};
			};
			buildConfigurationList = AF0D3610A993EBBCBBE13124 /* Build configuration list for PBXProject "TransitAtelier" */;
			developmentRegion = en;
			hasScannedForEncodings = 0;
			knownRegions = (
				Base,
				en,
			);
			mainGroup = FE8D97D34A7284DF9EDA2020;
			minimizedProjectReferenceProxies = 1;
			preferredProjectObjectVersion = 77;
			productRefGroup = A2DA33D3D8D1822B91EB2FE2 /* Products */;
			projectDirPath = "";
			projectRoot = "";
			targets = (
				38E6CDF2F48A805EF3FD8128 /* TransitAtelier */,
			);
		};
/* End PBXProject section */

/* Begin PBXResourcesBuildPhase section */
		D05792FE075F62C2CBAA21D9 /* Resources */ = {
			isa = PBXResourcesBuildPhase;
			buildActionMask = 2147483647;
			files = (
				0731A026CADFC035EC703CAA /* Assets.xcassets in Resources */,
			);
			runOnlyForDeploymentPostprocessing = 0;
		};
/* End PBXResourcesBuildPhase section */

/* Begin PBXSourcesBuildPhase section */
		C4E8BF48F76D91A8B27284F8 /* Sources */ = {
			isa = PBXSourcesBuildPhase;
			buildActionMask = 2147483647;
			files = (
				97D4B24545540207DE78C11A /* JourneyPostcard.swift in Sources */,
				0E38352EB6E01B34FC07290A /* MapDrawing.swift in Sources */,
				5B9E010D0DF6F36A67302C0F /* PaperModal.swift in Sources */,
				81551C0A124F100FAAD321AF /* TransitAtelierApp.swift in Sources */,
				D8D135A1A26CD56164D11478 /* TransitSimulation.swift in Sources */,
			);
			runOnlyForDeploymentPostprocessing = 0;
		};
/* End PBXSourcesBuildPhase section */

/* Begin XCBuildConfiguration section */
		2E1605A6906E341DA0903945 /* Release */ = {
			isa = XCBuildConfiguration;
			buildSettings = {
				ALWAYS_SEARCH_USER_PATHS = NO;
				CLANG_ANALYZER_NONNULL = YES;
				CLANG_ANALYZER_NUMBER_OBJECT_CONVERSION = YES_AGGRESSIVE;
				CLANG_CXX_LANGUAGE_STANDARD = "gnu++14";
				CLANG_CXX_LIBRARY = "libc++";
				CLANG_ENABLE_MODULES = YES;
				CLANG_ENABLE_OBJC_ARC = YES;
				CLANG_ENABLE_OBJC_WEAK = YES;
				CLANG_WARN_BLOCK_CAPTURE_AUTORELEASING = YES;
				CLANG_WARN_BOOL_CONVERSION = YES;
				CLANG_WARN_COMMA = YES;
				CLANG_WARN_CONSTANT_CONVERSION = YES;
				CLANG_WARN_DEPRECATED_OBJC_IMPLEMENTATIONS = YES;
				CLANG_WARN_DIRECT_OBJC_ISA_USAGE = YES_ERROR;
				CLANG_WARN_DOCUMENTATION_COMMENTS = YES;
				CLANG_WARN_EMPTY_BODY = YES;
				CLANG_WARN_ENUM_CONVERSION = YES;
				CLANG_WARN_INFINITE_RECURSION = YES;
				CLANG_WARN_INT_CONVERSION = YES;
				CLANG_WARN_NON_LITERAL_NULL_CONVERSION = YES;
				CLANG_WARN_OBJC_IMPLICIT_RETAIN_SELF = YES;
				CLANG_WARN_OBJC_LITERAL_CONVERSION = YES;
				CLANG_WARN_OBJC_ROOT_CLASS = YES_ERROR;
				CLANG_WARN_QUOTED_INCLUDE_IN_FRAMEWORK_HEADER = YES;
				CLANG_WARN_RANGE_LOOP_ANALYSIS = YES;
				CLANG_WARN_STRICT_PROTOTYPES = YES;
				CLANG_WARN_SUSPICIOUS_MOVE = YES;
				CLANG_WARN_UNGUARDED_AVAILABILITY = YES_AGGRESSIVE;
				CLANG_WARN_UNREACHABLE_CODE = YES;
				CLANG_WARN__DUPLICATE_METHOD_MATCH = YES;
				CODE_SIGNING_ALLOWED = NO;
				COPY_PHASE_STRIP = NO;
				DEBUG_INFORMATION_FORMAT = "dwarf-with-dsym";
				ENABLE_NS_ASSERTIONS = NO;
				ENABLE_STRICT_OBJC_MSGSEND = YES;
				GCC_C_LANGUAGE_STANDARD = gnu11;
				GCC_NO_COMMON_BLOCKS = YES;
				GCC_WARN_64_TO_32_BIT_CONVERSION = YES;
				GCC_WARN_ABOUT_RETURN_TYPE = YES_ERROR;
				GCC_WARN_UNDECLARED_SELECTOR = YES;
				GCC_WARN_UNINITIALIZED_AUTOS = YES_AGGRESSIVE;
				GCC_WARN_UNUSED_FUNCTION = YES;
				GCC_WARN_UNUSED_VARIABLE = YES;
				IPHONEOS_DEPLOYMENT_TARGET = 17.0;
				MTL_ENABLE_DEBUG_INFO = NO;
				MTL_FAST_MATH = YES;
				PRODUCT_NAME = "$(TARGET_NAME)";
				SDKROOT = iphoneos;
				SWIFT_COMPILATION_MODE = wholemodule;
				SWIFT_OPTIMIZATION_LEVEL = "-O";
				SWIFT_VERSION = 6.0;
				TARGETED_DEVICE_FAMILY = 1;
			};
			name = Release;
		};
		3AAEAC420DCA7AEF21AB6300 /* Debug */ = {
			isa = XCBuildConfiguration;
			buildSettings = {
				ALWAYS_SEARCH_USER_PATHS = NO;
				CLANG_ANALYZER_NONNULL = YES;
				CLANG_ANALYZER_NUMBER_OBJECT_CONVERSION = YES_AGGRESSIVE;
				CLANG_CXX_LANGUAGE_STANDARD = "gnu++14";
				CLANG_CXX_LIBRARY = "libc++";
				CLANG_ENABLE_MODULES = YES;
				CLANG_ENABLE_OBJC_ARC = YES;
				CLANG_ENABLE_OBJC_WEAK = YES;
				CLANG_WARN_BLOCK_CAPTURE_AUTORELEASING = YES;
				CLANG_WARN_BOOL_CONVERSION = YES;
				CLANG_WARN_COMMA = YES;
				CLANG_WARN_CONSTANT_CONVERSION = YES;
				CLANG_WARN_DEPRECATED_OBJC_IMPLEMENTATIONS = YES;
				CLANG_WARN_DIRECT_OBJC_ISA_USAGE = YES_ERROR;
				CLANG_WARN_DOCUMENTATION_COMMENTS = YES;
				CLANG_WARN_EMPTY_BODY = YES;
				CLANG_WARN_ENUM_CONVERSION = YES;
				CLANG_WARN_INFINITE_RECURSION = YES;
				CLANG_WARN_INT_CONVERSION = YES;
				CLANG_WARN_NON_LITERAL_NULL_CONVERSION = YES;
				CLANG_WARN_OBJC_IMPLICIT_RETAIN_SELF = YES;
				CLANG_WARN_OBJC_LITERAL_CONVERSION = YES;
				CLANG_WARN_OBJC_ROOT_CLASS = YES_ERROR;
				CLANG_WARN_QUOTED_INCLUDE_IN_FRAMEWORK_HEADER = YES;
				CLANG_WARN_RANGE_LOOP_ANALYSIS = YES;
				CLANG_WARN_STRICT_PROTOTYPES = YES;
				CLANG_WARN_SUSPICIOUS_MOVE = YES;
				CLANG_WARN_UNGUARDED_AVAILABILITY = YES_AGGRESSIVE;
				CLANG_WARN_UNREACHABLE_CODE = YES;
				CLANG_WARN__DUPLICATE_METHOD_MATCH = YES;
				CODE_SIGNING_ALLOWED = NO;
				COPY_PHASE_STRIP = NO;
				DEBUG_INFORMATION_FORMAT = dwarf;
				ENABLE_STRICT_OBJC_MSGSEND = YES;
				ENABLE_TESTABILITY = YES;
				GCC_C_LANGUAGE_STANDARD = gnu11;
				GCC_DYNAMIC_NO_PIC = NO;
				GCC_NO_COMMON_BLOCKS = YES;
				GCC_OPTIMIZATION_LEVEL = 0;
				GCC_PREPROCESSOR_DEFINITIONS = (
					"$(inherited)",
					"DEBUG=1",
				);
				GCC_WARN_64_TO_32_BIT_CONVERSION = YES;
				GCC_WARN_ABOUT_RETURN_TYPE = YES_ERROR;
				GCC_WARN_UNDECLARED_SELECTOR = YES;
				GCC_WARN_UNINITIALIZED_AUTOS = YES_AGGRESSIVE;
				GCC_WARN_UNUSED_FUNCTION = YES;
				GCC_WARN_UNUSED_VARIABLE = YES;
				IPHONEOS_DEPLOYMENT_TARGET = 17.0;
				MTL_ENABLE_DEBUG_INFO = INCLUDE_SOURCE;
				MTL_FAST_MATH = YES;
				ONLY_ACTIVE_ARCH = YES;
				PRODUCT_NAME = "$(TARGET_NAME)";
				SDKROOT = iphoneos;
				SWIFT_ACTIVE_COMPILATION_CONDITIONS = DEBUG;
				SWIFT_OPTIMIZATION_LEVEL = "-Onone";
				SWIFT_VERSION = 6.0;
				TARGETED_DEVICE_FAMILY = 1;
			};
			name = Debug;
		};
		B809E4FC4FDA59147377A1C8 /* Release */ = {
			isa = XCBuildConfiguration;
			buildSettings = {
				ASSETCATALOG_COMPILER_APPICON_NAME = AppIcon;
				CODE_SIGN_IDENTITY = "iPhone Developer";
				CURRENT_PROJECT_VERSION = 1;
				INFOPLIST_FILE = Resources/Info.plist;
				LD_RUNPATH_SEARCH_PATHS = (
					"$(inherited)",
					"@executable_path/Frameworks",
				);
				MARKETING_VERSION = 1.0;
				PRODUCT_BUNDLE_IDENTIFIER = studio.atelier.transit;
				SDKROOT = iphoneos;
				TARGETED_DEVICE_FAMILY = "1,2";
			};
			name = Release;
		};
		FDC1CD0552DE74AB648D0FDF /* Debug */ = {
			isa = XCBuildConfiguration;
			buildSettings = {
				ASSETCATALOG_COMPILER_APPICON_NAME = AppIcon;
				CODE_SIGN_IDENTITY = "iPhone Developer";
				CURRENT_PROJECT_VERSION = 1;
				INFOPLIST_FILE = Resources/Info.plist;
				LD_RUNPATH_SEARCH_PATHS = (
					"$(inherited)",
					"@executable_path/Frameworks",
				);
				MARKETING_VERSION = 1.0;
				PRODUCT_BUNDLE_IDENTIFIER = studio.atelier.transit;
				SDKROOT = iphoneos;
				TARGETED_DEVICE_FAMILY = "1,2";
			};
			name = Debug;
		};
/* End XCBuildConfiguration section */

/* Begin XCConfigurationList section */
		0A469A5D94477AA2B71C5908 /* Build configuration list for PBXNativeTarget "TransitAtelier" */ = {
			isa = XCConfigurationList;
			buildConfigurations = (
				FDC1CD0552DE74AB648D0FDF /* Debug */,
				B809E4FC4FDA59147377A1C8 /* Release */,
			);
			defaultConfigurationIsVisible = 0;
			defaultConfigurationName = Debug;
		};
		AF0D3610A993EBBCBBE13124 /* Build configuration list for PBXProject "TransitAtelier" */ = {
			isa = XCConfigurationList;
			buildConfigurations = (
				3AAEAC420DCA7AEF21AB6300 /* Debug */,
				2E1605A6906E341DA0903945 /* Release */,
			);
			defaultConfigurationIsVisible = 0;
			defaultConfigurationName = Debug;
		};
/* End XCConfigurationList section */
	};
	rootObject = 671D780C89DDB778E094D4FE /* Project object */;
}
