// !$*UTF8*$!
{
	archiveVersion = 1;
	classes = {
	};
	objectVersion = 77;
	objects = {

/* Begin PBXBuildFile section */
		06498E9A94E506D2C3BF8792 /* HarborRules.swift in Sources */ = {isa = PBXBuildFile; fileRef = 95C379D0719FB8073C4C0749 /* HarborRules.swift */; };
		4F35ADF47AE9009BAD579735 /* HarborArt.swift in Sources */ = {isa = PBXBuildFile; fileRef = 761CEBF0338064765A9C5B6D /* HarborArt.swift */; };
		587DCDAEFC1A4A76A98141FB /* BreakwaterApp.swift in Sources */ = {isa = PBXBuildFile; fileRef = 5E026CA243E9BD215481A369 /* BreakwaterApp.swift */; };
		6EFF2D2987AE33F1B8BEAEAE /* HarborRulesTests.swift in Sources */ = {isa = PBXBuildFile; fileRef = D91E2C750DD14C4C2B7E29E7 /* HarborRulesTests.swift */; };
		90DA8D35B7026CC133E0E514 /* HarborModel.swift in Sources */ = {isa = PBXBuildFile; fileRef = 71C42B62038595B78B254ECB /* HarborModel.swift */; };
		B41FE01D7C897B9437B2C280 /* Assets.xcassets in Resources */ = {isa = PBXBuildFile; fileRef = E9BAD2A57082BA393F5764FC /* Assets.xcassets */; };
/* End PBXBuildFile section */

/* Begin PBXContainerItemProxy section */
		E4CA198BD78C7FE5B3F04841 /* PBXContainerItemProxy */ = {
			isa = PBXContainerItemProxy;
			containerPortal = 74E78A204CABFC3E2D48B3B1 /* Project object */;
			proxyType = 1;
			remoteGlobalIDString = BD2F364D72EFDAFBDA084442;
			remoteInfo = Breakwater;
		};
/* End PBXContainerItemProxy section */

/* Begin PBXFileReference section */
		5E026CA243E9BD215481A369 /* BreakwaterApp.swift */ = {isa = PBXFileReference; lastKnownFileType = sourcecode.swift; path = BreakwaterApp.swift; sourceTree = "<group>"; };
		71C42B62038595B78B254ECB /* HarborModel.swift */ = {isa = PBXFileReference; lastKnownFileType = sourcecode.swift; path = HarborModel.swift; sourceTree = "<group>"; };
		761CEBF0338064765A9C5B6D /* HarborArt.swift */ = {isa = PBXFileReference; lastKnownFileType = sourcecode.swift; path = HarborArt.swift; sourceTree = "<group>"; };
		95C379D0719FB8073C4C0749 /* HarborRules.swift */ = {isa = PBXFileReference; lastKnownFileType = sourcecode.swift; path = HarborRules.swift; sourceTree = "<group>"; };
		A7D4D2C59F0C1056344947DA /* Breakwater.app */ = {isa = PBXFileReference; includeInIndex = 0; lastKnownFileType = wrapper.application; path = Breakwater.app; sourceTree = BUILT_PRODUCTS_DIR; };
		D6DB570204203FEA92913111 /* BreakwaterTests.xctest */ = {isa = PBXFileReference; includeInIndex = 0; lastKnownFileType = wrapper.cfbundle; path = BreakwaterTests.xctest; sourceTree = BUILT_PRODUCTS_DIR; };
		D91E2C750DD14C4C2B7E29E7 /* HarborRulesTests.swift */ = {isa = PBXFileReference; lastKnownFileType = sourcecode.swift; path = HarborRulesTests.swift; sourceTree = "<group>"; };
		E9BAD2A57082BA393F5764FC /* Assets.xcassets */ = {isa = PBXFileReference; lastKnownFileType = folder.assetcatalog; path = Assets.xcassets; sourceTree = "<group>"; };
/* End PBXFileReference section */

/* Begin PBXGroup section */
		1D5E230BE37C2C0986795566 /* Tests */ = {
			isa = PBXGroup;
			children = (
				D91E2C750DD14C4C2B7E29E7 /* HarborRulesTests.swift */,
			);
			path = Tests;
			sourceTree = "<group>";
		};
		2EFC06FC1CE12243B9EAADC0 /* Sources */ = {
			isa = PBXGroup;
			children = (
				5E026CA243E9BD215481A369 /* BreakwaterApp.swift */,
				761CEBF0338064765A9C5B6D /* HarborArt.swift */,
				71C42B62038595B78B254ECB /* HarborModel.swift */,
				95C379D0719FB8073C4C0749 /* HarborRules.swift */,
			);
			path = Sources;
			sourceTree = "<group>";
		};
		5D0A43481F2208F72690CA2F /* Products */ = {
			isa = PBXGroup;
			children = (
				A7D4D2C59F0C1056344947DA /* Breakwater.app */,
				D6DB570204203FEA92913111 /* BreakwaterTests.xctest */,
			);
			name = Products;
			sourceTree = "<group>";
		};
		E56CD7A4408C1F91CB07B22B = {
			isa = PBXGroup;
			children = (
				E9BAD2A57082BA393F5764FC /* Assets.xcassets */,
				2EFC06FC1CE12243B9EAADC0 /* Sources */,
				1D5E230BE37C2C0986795566 /* Tests */,
				5D0A43481F2208F72690CA2F /* Products */,
			);
			sourceTree = "<group>";
		};
/* End PBXGroup section */

/* Begin PBXNativeTarget section */
		550736961633276EC5BD479A /* BreakwaterTests */ = {
			isa = PBXNativeTarget;
			buildConfigurationList = 16916427B0D007243A65FBB8 /* Build configuration list for PBXNativeTarget "BreakwaterTests" */;
			buildPhases = (
				156AEBAC38A7E0866310019E /* Sources */,
			);
			buildRules = (
			);
			dependencies = (
				55704AC4421DB48EE2F0984F /* PBXTargetDependency */,
			);
			name = BreakwaterTests;
			packageProductDependencies = (
			);
			productName = BreakwaterTests;
			productReference = D6DB570204203FEA92913111 /* BreakwaterTests.xctest */;
			productType = "com.apple.product-type.bundle.unit-test";
		};
		BD2F364D72EFDAFBDA084442 /* Breakwater */ = {
			isa = PBXNativeTarget;
			buildConfigurationList = A0F6D288170B39887CF220CE /* Build configuration list for PBXNativeTarget "Breakwater" */;
			buildPhases = (
				1F12829EA6C132EEFB4A8DEE /* Sources */,
				546CCDFAD089531C6E20E1EB /* Resources */,
			);
			buildRules = (
			);
			dependencies = (
			);
			name = Breakwater;
			packageProductDependencies = (
			);
			productName = Breakwater;
			productReference = A7D4D2C59F0C1056344947DA /* Breakwater.app */;
			productType = "com.apple.product-type.application";
		};
/* End PBXNativeTarget section */

/* Begin PBXProject section */
		74E78A204CABFC3E2D48B3B1 /* Project object */ = {
			isa = PBXProject;
			attributes = {
				BuildIndependentTargetsInParallel = YES;
				LastUpgradeCheck = 1430;
				TargetAttributes = {
					550736961633276EC5BD479A = {
						DevelopmentTeam = "";
					};
					BD2F364D72EFDAFBDA084442 = {
						DevelopmentTeam = "";
					};
				};
			};
			buildConfigurationList = 429338EE6978878AD91F5A0E /* Build configuration list for PBXProject "Breakwater" */;
			developmentRegion = en;
			hasScannedForEncodings = 0;
			knownRegions = (
				Base,
				en,
			);
			mainGroup = E56CD7A4408C1F91CB07B22B;
			minimizedProjectReferenceProxies = 1;
			preferredProjectObjectVersion = 77;
			productRefGroup = 5D0A43481F2208F72690CA2F /* Products */;
			projectDirPath = "";
			projectRoot = "";
			targets = (
				BD2F364D72EFDAFBDA084442 /* Breakwater */,
				550736961633276EC5BD479A /* BreakwaterTests */,
			);
		};
/* End PBXProject section */

/* Begin PBXResourcesBuildPhase section */
		546CCDFAD089531C6E20E1EB /* Resources */ = {
			isa = PBXResourcesBuildPhase;
			buildActionMask = 2147483647;
			files = (
				B41FE01D7C897B9437B2C280 /* Assets.xcassets in Resources */,
			);
			runOnlyForDeploymentPostprocessing = 0;
		};
/* End PBXResourcesBuildPhase section */

/* Begin PBXSourcesBuildPhase section */
		156AEBAC38A7E0866310019E /* Sources */ = {
			isa = PBXSourcesBuildPhase;
			buildActionMask = 2147483647;
			files = (
				6EFF2D2987AE33F1B8BEAEAE /* HarborRulesTests.swift in Sources */,
			);
			runOnlyForDeploymentPostprocessing = 0;
		};
		1F12829EA6C132EEFB4A8DEE /* Sources */ = {
			isa = PBXSourcesBuildPhase;
			buildActionMask = 2147483647;
			files = (
				587DCDAEFC1A4A76A98141FB /* BreakwaterApp.swift in Sources */,
				4F35ADF47AE9009BAD579735 /* HarborArt.swift in Sources */,
				90DA8D35B7026CC133E0E514 /* HarborModel.swift in Sources */,
				06498E9A94E506D2C3BF8792 /* HarborRules.swift in Sources */,
			);
			runOnlyForDeploymentPostprocessing = 0;
		};
/* End PBXSourcesBuildPhase section */

/* Begin PBXTargetDependency section */
		55704AC4421DB48EE2F0984F /* PBXTargetDependency */ = {
			isa = PBXTargetDependency;
			target = BD2F364D72EFDAFBDA084442 /* Breakwater */;
			targetProxy = E4CA198BD78C7FE5B3F04841 /* PBXContainerItemProxy */;
		};
/* End PBXTargetDependency section */

/* Begin XCBuildConfiguration section */
		0CD3A83F06D3CF6726E136B7 /* Debug */ = {
			isa = XCBuildConfiguration;
			buildSettings = {
				ASSETCATALOG_COMPILER_APPICON_NAME = AppIcon;
				CODE_SIGN_IDENTITY = "iPhone Developer";
				CURRENT_PROJECT_VERSION = 1;
				GENERATE_INFOPLIST_FILE = YES;
				INFOPLIST_FILE = Info.plist;
				INFOPLIST_KEY_CFBundleDisplayName = Breakwater;
				INFOPLIST_KEY_UIRequiresFullScreen = YES;
				INFOPLIST_KEY_UISupportedInterfaceOrientations = UIInterfaceOrientationPortrait;
				LD_RUNPATH_SEARCH_PATHS = (
					"$(inherited)",
					"@executable_path/Frameworks",
				);
				MARKETING_VERSION = 1.0;
				PRODUCT_BUNDLE_IDENTIFIER = com.dabit.breakwater;
				SDKROOT = iphoneos;
				TARGETED_DEVICE_FAMILY = "1,2";
			};
			name = Debug;
		};
		2DA50A235F590B2F63ED1146 /* Release */ = {
			isa = XCBuildConfiguration;
			buildSettings = {
				BUNDLE_LOADER = "$(TEST_HOST)";
				GENERATE_INFOPLIST_FILE = YES;
				LD_RUNPATH_SEARCH_PATHS = (
					"$(inherited)",
					"@executable_path/Frameworks",
					"@loader_path/Frameworks",
				);
				PRODUCT_BUNDLE_IDENTIFIER = com.dabit.breakwater.BreakwaterTests;
				SDKROOT = iphoneos;
				TARGETED_DEVICE_FAMILY = "1,2";
				TEST_HOST = "$(BUILT_PRODUCTS_DIR)/Breakwater.app/Breakwater";
			};
			name = Release;
		};
		5125F266C14F21F250F79D36 /* Debug */ = {
			isa = XCBuildConfiguration;
			buildSettings = {
				ALWAYS_SEARCH_USER_PATHS = NO;
				CLANG_ANALYZER_NONNULL = YES;
				CLANG_ANALYZER_NUMBER_OBJECT_CONVERSION = YES_AGGRESSIVE;
				CLANG_CXX_LANGUAGE_STANDARD = "gnu++14";
				CLANG_CXX_LIBRARY = "libc++";
				CLANG_ENABLE_MODULES = YES;
				CLANG_ENABLE_OBJC_ARC = YES;
				CLANG_ENABLE_OBJC_WEAK = YES;
				CLANG_WARN_BLOCK_CAPTURE_AUTORELEASING = YES;
				CLANG_WARN_BOOL_CONVERSION = YES;
				CLANG_WARN_COMMA = YES;
				CLANG_WARN_CONSTANT_CONVERSION = YES;
				CLANG_WARN_DEPRECATED_OBJC_IMPLEMENTATIONS = YES;
				CLANG_WARN_DIRECT_OBJC_ISA_USAGE = YES_ERROR;
				CLANG_WARN_DOCUMENTATION_COMMENTS = YES;
				CLANG_WARN_EMPTY_BODY = YES;
				CLANG_WARN_ENUM_CONVERSION = YES;
				CLANG_WARN_INFINITE_RECURSION = YES;
				CLANG_WARN_INT_CONVERSION = YES;
				CLANG_WARN_NON_LITERAL_NULL_CONVERSION = YES;
				CLANG_WARN_OBJC_IMPLICIT_RETAIN_SELF = YES;
				CLANG_WARN_OBJC_LITERAL_CONVERSION = YES;
				CLANG_WARN_OBJC_ROOT_CLASS = YES_ERROR;
				CLANG_WARN_QUOTED_INCLUDE_IN_FRAMEWORK_HEADER = YES;
				CLANG_WARN_RANGE_LOOP_ANALYSIS = YES;
				CLANG_WARN_STRICT_PROTOTYPES = YES;
				CLANG_WARN_SUSPICIOUS_MOVE = YES;
				CLANG_WARN_UNGUARDED_AVAILABILITY = YES_AGGRESSIVE;
				CLANG_WARN_UNREACHABLE_CODE = YES;
				CLANG_WARN__DUPLICATE_METHOD_MATCH = YES;
				CODE_SIGNING_ALLOWED = NO;
				COPY_PHASE_STRIP = NO;
				DEBUG_INFORMATION_FORMAT = dwarf;
				DEVELOPMENT_TEAM = "";
				ENABLE_STRICT_OBJC_MSGSEND = YES;
				ENABLE_TESTABILITY = YES;
				GCC_C_LANGUAGE_STANDARD = gnu11;
				GCC_DYNAMIC_NO_PIC = NO;
				GCC_NO_COMMON_BLOCKS = YES;
				GCC_OPTIMIZATION_LEVEL = 0;
				GCC_PREPROCESSOR_DEFINITIONS = (
					"$(inherited)",
					"DEBUG=1",
				);
				GCC_WARN_64_TO_32_BIT_CONVERSION = YES;
				GCC_WARN_ABOUT_RETURN_TYPE = YES_ERROR;
				GCC_WARN_UNDECLARED_SELECTOR = YES;
				GCC_WARN_UNINITIALIZED_AUTOS = YES_AGGRESSIVE;
				GCC_WARN_UNUSED_FUNCTION = YES;
				GCC_WARN_UNUSED_VARIABLE = YES;
				IPHONEOS_DEPLOYMENT_TARGET = 17.0;
				MTL_ENABLE_DEBUG_INFO = INCLUDE_SOURCE;
				MTL_FAST_MATH = YES;
				ONLY_ACTIVE_ARCH = YES;
				PRODUCT_NAME = "$(TARGET_NAME)";
				SDKROOT = iphoneos;
				SWIFT_ACTIVE_COMPILATION_CONDITIONS = DEBUG;
				SWIFT_OPTIMIZATION_LEVEL = "-Onone";
				SWIFT_STRICT_CONCURRENCY = complete;
				SWIFT_VERSION = 5.0;
				TARGETED_DEVICE_FAMILY = 1;
			};
			name = Debug;
		};
		86F807DBAE6BBB7C46811FE1 /* Debug */ = {
			isa = XCBuildConfiguration;
			buildSettings = {
				BUNDLE_LOADER = "$(TEST_HOST)";
				GENERATE_INFOPLIST_FILE = YES;
				LD_RUNPATH_SEARCH_PATHS = (
					"$(inherited)",
					"@executable_path/Frameworks",
					"@loader_path/Frameworks",
				);
				PRODUCT_BUNDLE_IDENTIFIER = com.dabit.breakwater.BreakwaterTests;
				SDKROOT = iphoneos;
				TARGETED_DEVICE_FAMILY = "1,2";
				TEST_HOST = "$(BUILT_PRODUCTS_DIR)/Breakwater.app/Breakwater";
			};
			name = Debug;
		};
		9A681054A7EA28D5F456C8EA /* Release */ = {
			isa = XCBuildConfiguration;
			buildSettings = {
				ALWAYS_SEARCH_USER_PATHS = NO;
				CLANG_ANALYZER_NONNULL = YES;
				CLANG_ANALYZER_NUMBER_OBJECT_CONVERSION = YES_AGGRESSIVE;
				CLANG_CXX_LANGUAGE_STANDARD = "gnu++14";
				CLANG_CXX_LIBRARY = "libc++";
				CLANG_ENABLE_MODULES = YES;
				CLANG_ENABLE_OBJC_ARC = YES;
				CLANG_ENABLE_OBJC_WEAK = YES;
				CLANG_WARN_BLOCK_CAPTURE_AUTORELEASING = YES;
				CLANG_WARN_BOOL_CONVERSION = YES;
				CLANG_WARN_COMMA = YES;
				CLANG_WARN_CONSTANT_CONVERSION = YES;
				CLANG_WARN_DEPRECATED_OBJC_IMPLEMENTATIONS = YES;
				CLANG_WARN_DIRECT_OBJC_ISA_USAGE = YES_ERROR;
				CLANG_WARN_DOCUMENTATION_COMMENTS = YES;
				CLANG_WARN_EMPTY_BODY = YES;
				CLANG_WARN_ENUM_CONVERSION = YES;
				CLANG_WARN_INFINITE_RECURSION = YES;
				CLANG_WARN_INT_CONVERSION = YES;
				CLANG_WARN_NON_LITERAL_NULL_CONVERSION = YES;
				CLANG_WARN_OBJC_IMPLICIT_RETAIN_SELF = YES;
				CLANG_WARN_OBJC_LITERAL_CONVERSION = YES;
				CLANG_WARN_OBJC_ROOT_CLASS = YES_ERROR;
				CLANG_WARN_QUOTED_INCLUDE_IN_FRAMEWORK_HEADER = YES;
				CLANG_WARN_RANGE_LOOP_ANALYSIS = YES;
				CLANG_WARN_STRICT_PROTOTYPES = YES;
				CLANG_WARN_SUSPICIOUS_MOVE = YES;
				CLANG_WARN_UNGUARDED_AVAILABILITY = YES_AGGRESSIVE;
				CLANG_WARN_UNREACHABLE_CODE = YES;
				CLANG_WARN__DUPLICATE_METHOD_MATCH = YES;
				CODE_SIGNING_ALLOWED = NO;
				COPY_PHASE_STRIP = NO;
				DEBUG_INFORMATION_FORMAT = "dwarf-with-dsym";
				DEVELOPMENT_TEAM = "";
				ENABLE_NS_ASSERTIONS = NO;
				ENABLE_STRICT_OBJC_MSGSEND = YES;
				GCC_C_LANGUAGE_STANDARD = gnu11;
				GCC_NO_COMMON_BLOCKS = YES;
				GCC_WARN_64_TO_32_BIT_CONVERSION = YES;
				GCC_WARN_ABOUT_RETURN_TYPE = YES_ERROR;
				GCC_WARN_UNDECLARED_SELECTOR = YES;
				GCC_WARN_UNINITIALIZED_AUTOS = YES_AGGRESSIVE;
				GCC_WARN_UNUSED_FUNCTION = YES;
				GCC_WARN_UNUSED_VARIABLE = YES;
				IPHONEOS_DEPLOYMENT_TARGET = 17.0;
				MTL_ENABLE_DEBUG_INFO = NO;
				MTL_FAST_MATH = YES;
				PRODUCT_NAME = "$(TARGET_NAME)";
				SDKROOT = iphoneos;
				SWIFT_COMPILATION_MODE = wholemodule;
				SWIFT_OPTIMIZATION_LEVEL = "-O";
				SWIFT_STRICT_CONCURRENCY = complete;
				SWIFT_VERSION = 5.0;
				TARGETED_DEVICE_FAMILY = 1;
			};
			name = Release;
		};
		F6B26D5EF06FB8339C8AB074 /* Release */ = {
			isa = XCBuildConfiguration;
			buildSettings = {
				ASSETCATALOG_COMPILER_APPICON_NAME = AppIcon;
				CODE_SIGN_IDENTITY = "iPhone Developer";
				CURRENT_PROJECT_VERSION = 1;
				GENERATE_INFOPLIST_FILE = YES;
				INFOPLIST_FILE = Info.plist;
				INFOPLIST_KEY_CFBundleDisplayName = Breakwater;
				INFOPLIST_KEY_UIRequiresFullScreen = YES;
				INFOPLIST_KEY_UISupportedInterfaceOrientations = UIInterfaceOrientationPortrait;
				LD_RUNPATH_SEARCH_PATHS = (
					"$(inherited)",
					"@executable_path/Frameworks",
				);
				MARKETING_VERSION = 1.0;
				PRODUCT_BUNDLE_IDENTIFIER = com.dabit.breakwater;
				SDKROOT = iphoneos;
				TARGETED_DEVICE_FAMILY = "1,2";
			};
			name = Release;
		};
/* End XCBuildConfiguration section */

/* Begin XCConfigurationList section */
		16916427B0D007243A65FBB8 /* Build configuration list for PBXNativeTarget "BreakwaterTests" */ = {
			isa = XCConfigurationList;
			buildConfigurations = (
				86F807DBAE6BBB7C46811FE1 /* Debug */,
				2DA50A235F590B2F63ED1146 /* Release */,
			);
			defaultConfigurationIsVisible = 0;
			defaultConfigurationName = Debug;
		};
		429338EE6978878AD91F5A0E /* Build configuration list for PBXProject "Breakwater" */ = {
			isa = XCConfigurationList;
			buildConfigurations = (
				5125F266C14F21F250F79D36 /* Debug */,
				9A681054A7EA28D5F456C8EA /* Release */,
			);
			defaultConfigurationIsVisible = 0;
			defaultConfigurationName = Debug;
		};
		A0F6D288170B39887CF220CE /* Build configuration list for PBXNativeTarget "Breakwater" */ = {
			isa = XCConfigurationList;
			buildConfigurations = (
				0CD3A83F06D3CF6726E136B7 /* Debug */,
				F6B26D5EF06FB8339C8AB074 /* Release */,
			);
			defaultConfigurationIsVisible = 0;
			defaultConfigurationName = Debug;
		};
/* End XCConfigurationList section */
	};
	rootObject = 74E78A204CABFC3E2D48B3B1 /* Project object */;
}
