// !$*UTF8*$!
{
	archiveVersion = 1;
	classes = {
	};
	objectVersion = 77;
	objects = {

/* Begin PBXBuildFile section */
		0008AE590552E13EF1B6C0B1 /* GardenEngine.swift in Sources */ = {isa = PBXBuildFile; fileRef = B9D42A7B627FE54CFEABD92E /* GardenEngine.swift */; };
		7966D9C057B235761D4A0E87 /* BloomguardApp.swift in Sources */ = {isa = PBXBuildFile; fileRef = FA9DB106286CE9F3F6261C4F /* BloomguardApp.swift */; };
		B01EBA153490D46D59D70BE8 /* GardenBoard.swift in Sources */ = {isa = PBXBuildFile; fileRef = C8B040ED28BF683FF77D9D04 /* GardenBoard.swift */; };
		B349CFE38080C87F354B7F47 /* GardenArt.swift in Sources */ = {isa = PBXBuildFile; fileRef = 8589E738EADF0D14FAED8A55 /* GardenArt.swift */; };
		DE6593D71839BCC99AC48F8D /* Assets.xcassets in Resources */ = {isa = PBXBuildFile; fileRef = E1F218DE4C19C414CE0BA690 /* Assets.xcassets */; };
/* End PBXBuildFile section */

/* Begin PBXFileReference section */
		3031A8F9F85FAD02F5C9A3F2 /* Bloomguard.app */ = {isa = PBXFileReference; includeInIndex = 0; lastKnownFileType = wrapper.application; path = Bloomguard.app; sourceTree = BUILT_PRODUCTS_DIR; };
		8589E738EADF0D14FAED8A55 /* GardenArt.swift */ = {isa = PBXFileReference; lastKnownFileType = sourcecode.swift; path = GardenArt.swift; sourceTree = "<group>"; };
		B9D42A7B627FE54CFEABD92E /* GardenEngine.swift */ = {isa = PBXFileReference; lastKnownFileType = sourcecode.swift; path = GardenEngine.swift; sourceTree = "<group>"; };
		C8B040ED28BF683FF77D9D04 /* GardenBoard.swift */ = {isa = PBXFileReference; lastKnownFileType = sourcecode.swift; path = GardenBoard.swift; sourceTree = "<group>"; };
		E1F218DE4C19C414CE0BA690 /* Assets.xcassets */ = {isa = PBXFileReference; lastKnownFileType = folder.assetcatalog; path = Assets.xcassets; sourceTree = "<group>"; };
		FA9DB106286CE9F3F6261C4F /* BloomguardApp.swift */ = {isa = PBXFileReference; lastKnownFileType = sourcecode.swift; path = BloomguardApp.swift; sourceTree = "<group>"; };
/* End PBXFileReference section */

/* Begin PBXGroup section */
		07067BA19013109E62C261CC /* Sources */ = {
			isa = PBXGroup;
			children = (
				FA9DB106286CE9F3F6261C4F /* BloomguardApp.swift */,
				8589E738EADF0D14FAED8A55 /* GardenArt.swift */,
				C8B040ED28BF683FF77D9D04 /* GardenBoard.swift */,
				B9D42A7B627FE54CFEABD92E /* GardenEngine.swift */,
			);
			path = Sources;
			sourceTree = "<group>";
		};
		304F15BCC61AEF412840C7B2 = {
			isa = PBXGroup;
			children = (
				E1F218DE4C19C414CE0BA690 /* Assets.xcassets */,
				07067BA19013109E62C261CC /* Sources */,
				C817E4B70CE8D29345E3DA5B /* Products */,
			);
			sourceTree = "<group>";
		};
		C817E4B70CE8D29345E3DA5B /* Products */ = {
			isa = PBXGroup;
			children = (
				3031A8F9F85FAD02F5C9A3F2 /* Bloomguard.app */,
			);
			name = Products;
			sourceTree = "<group>";
		};
/* End PBXGroup section */

/* Begin PBXNativeTarget section */
		D33B24F07A04AD8AC75CA0DC /* Bloomguard */ = {
			isa = PBXNativeTarget;
			buildConfigurationList = A05DD99A7434E7C297EA0E4B /* Build configuration list for PBXNativeTarget "Bloomguard" */;
			buildPhases = (
				09929BFA617A5DBD962C7C9A /* Sources */,
				7BF94D0B6DAC88EBD7BD1095 /* Resources */,
			);
			buildRules = (
			);
			dependencies = (
			);
			name = Bloomguard;
			packageProductDependencies = (
			);
			productName = Bloomguard;
			productReference = 3031A8F9F85FAD02F5C9A3F2 /* Bloomguard.app */;
			productType = "com.apple.product-type.application";
		};
/* End PBXNativeTarget section */

/* Begin PBXProject section */
		5E00B3B0A79DE488AACCBD9F /* Project object */ = {
			isa = PBXProject;
			attributes = {
				BuildIndependentTargetsInParallel = YES;
				LastUpgradeCheck = 1430;
				TargetAttributes = {
				};
			};
			buildConfigurationList = 57648087354F5449832CF2DE /* Build configuration list for PBXProject "Bloomguard" */;
			developmentRegion = en;
			hasScannedForEncodings = 0;
			knownRegions = (
				Base,
				en,
			);
			mainGroup = 304F15BCC61AEF412840C7B2;
			minimizedProjectReferenceProxies = 1;
			preferredProjectObjectVersion = 77;
			productRefGroup = C817E4B70CE8D29345E3DA5B /* Products */;
			projectDirPath = "";
			projectRoot = "";
			targets = (
				D33B24F07A04AD8AC75CA0DC /* Bloomguard */,
			);
		};
/* End PBXProject section */

/* Begin PBXResourcesBuildPhase section */
		7BF94D0B6DAC88EBD7BD1095 /* Resources */ = {
			isa = PBXResourcesBuildPhase;
			buildActionMask = 2147483647;
			files = (
				DE6593D71839BCC99AC48F8D /* Assets.xcassets in Resources */,
			);
			runOnlyForDeploymentPostprocessing = 0;
		};
/* End PBXResourcesBuildPhase section */

/* Begin PBXSourcesBuildPhase section */
		09929BFA617A5DBD962C7C9A /* Sources */ = {
			isa = PBXSourcesBuildPhase;
			buildActionMask = 2147483647;
			files = (
				7966D9C057B235761D4A0E87 /* BloomguardApp.swift in Sources */,
				B349CFE38080C87F354B7F47 /* GardenArt.swift in Sources */,
				B01EBA153490D46D59D70BE8 /* GardenBoard.swift in Sources */,
				0008AE590552E13EF1B6C0B1 /* GardenEngine.swift in Sources */,
			);
			runOnlyForDeploymentPostprocessing = 0;
		};
/* End PBXSourcesBuildPhase section */

/* Begin XCBuildConfiguration section */
		0C5DEEC8FCD7A67916D4D276 /* Release */ = {
			isa = XCBuildConfiguration;
			buildSettings = {
				ASSETCATALOG_COMPILER_APPICON_NAME = AppIcon;
				CODE_SIGN_IDENTITY = "iPhone Developer";
				INFOPLIST_FILE = Info.plist;
				INFOPLIST_KEY_CFBundleDisplayName = Bloomguard;
				LD_RUNPATH_SEARCH_PATHS = (
					"$(inherited)",
					"@executable_path/Frameworks",
				);
				PRODUCT_BUNDLE_IDENTIFIER = garden.bloomguard.ios;
				SDKROOT = iphoneos;
				TARGETED_DEVICE_FAMILY = "1,2";
			};
			name = Release;
		};
		97849597226F85B4E060BD24 /* Release */ = {
			isa = XCBuildConfiguration;
			buildSettings = {
				ALWAYS_SEARCH_USER_PATHS = NO;
				CLANG_ANALYZER_NONNULL = YES;
				CLANG_ANALYZER_NUMBER_OBJECT_CONVERSION = YES_AGGRESSIVE;
				CLANG_CXX_LANGUAGE_STANDARD = "gnu++14";
				CLANG_CXX_LIBRARY = "libc++";
				CLANG_ENABLE_MODULES = YES;
				CLANG_ENABLE_OBJC_ARC = YES;
				CLANG_ENABLE_OBJC_WEAK = YES;
				CLANG_WARN_BLOCK_CAPTURE_AUTORELEASING = YES;
				CLANG_WARN_BOOL_CONVERSION = YES;
				CLANG_WARN_COMMA = YES;
				CLANG_WARN_CONSTANT_CONVERSION = YES;
				CLANG_WARN_DEPRECATED_OBJC_IMPLEMENTATIONS = YES;
				CLANG_WARN_DIRECT_OBJC_ISA_USAGE = YES_ERROR;
				CLANG_WARN_DOCUMENTATION_COMMENTS = YES;
				CLANG_WARN_EMPTY_BODY = YES;
				CLANG_WARN_ENUM_CONVERSION = YES;
				CLANG_WARN_INFINITE_RECURSION = YES;
				CLANG_WARN_INT_CONVERSION = YES;
				CLANG_WARN_NON_LITERAL_NULL_CONVERSION = YES;
				CLANG_WARN_OBJC_IMPLICIT_RETAIN_SELF = YES;
				CLANG_WARN_OBJC_LITERAL_CONVERSION = YES;
				CLANG_WARN_OBJC_ROOT_CLASS = YES_ERROR;
				CLANG_WARN_QUOTED_INCLUDE_IN_FRAMEWORK_HEADER = YES;
				CLANG_WARN_RANGE_LOOP_ANALYSIS = YES;
				CLANG_WARN_STRICT_PROTOTYPES = YES;
				CLANG_WARN_SUSPICIOUS_MOVE = YES;
				CLANG_WARN_UNGUARDED_AVAILABILITY = YES_AGGRESSIVE;
				CLANG_WARN_UNREACHABLE_CODE = YES;
				CLANG_WARN__DUPLICATE_METHOD_MATCH = YES;
				CODE_SIGNING_ALLOWED = NO;
				COPY_PHASE_STRIP = NO;
				DEBUG_INFORMATION_FORMAT = "dwarf-with-dsym";
				ENABLE_NS_ASSERTIONS = NO;
				ENABLE_STRICT_OBJC_MSGSEND = YES;
				GCC_C_LANGUAGE_STANDARD = gnu11;
				GCC_NO_COMMON_BLOCKS = YES;
				GCC_WARN_64_TO_32_BIT_CONVERSION = YES;
				GCC_WARN_ABOUT_RETURN_TYPE = YES_ERROR;
				GCC_WARN_UNDECLARED_SELECTOR = YES;
				GCC_WARN_UNINITIALIZED_AUTOS = YES_AGGRESSIVE;
				GCC_WARN_UNUSED_FUNCTION = YES;
				GCC_WARN_UNUSED_VARIABLE = YES;
				IPHONEOS_DEPLOYMENT_TARGET = 17.0;
				MTL_ENABLE_DEBUG_INFO = NO;
				MTL_FAST_MATH = YES;
				PRODUCT_NAME = "$(TARGET_NAME)";
				SDKROOT = iphoneos;
				SWIFT_COMPILATION_MODE = wholemodule;
				SWIFT_OPTIMIZATION_LEVEL = "-O";
				SWIFT_VERSION = 6.0;
				TARGETED_DEVICE_FAMILY = "1,2";
			};
			name = Release;
		};
		CBBCD29EBDAA7469854643CE /* Debug */ = {
			isa = XCBuildConfiguration;
			buildSettings = {
				ALWAYS_SEARCH_USER_PATHS = NO;
				CLANG_ANALYZER_NONNULL = YES;
				CLANG_ANALYZER_NUMBER_OBJECT_CONVERSION = YES_AGGRESSIVE;
				CLANG_CXX_LANGUAGE_STANDARD = "gnu++14";
				CLANG_CXX_LIBRARY = "libc++";
				CLANG_ENABLE_MODULES = YES;
				CLANG_ENABLE_OBJC_ARC = YES;
				CLANG_ENABLE_OBJC_WEAK = YES;
				CLANG_WARN_BLOCK_CAPTURE_AUTORELEASING = YES;
				CLANG_WARN_BOOL_CONVERSION = YES;
				CLANG_WARN_COMMA = YES;
				CLANG_WARN_CONSTANT_CONVERSION = YES;
				CLANG_WARN_DEPRECATED_OBJC_IMPLEMENTATIONS = YES;
				CLANG_WARN_DIRECT_OBJC_ISA_USAGE = YES_ERROR;
				CLANG_WARN_DOCUMENTATION_COMMENTS = YES;
				CLANG_WARN_EMPTY_BODY = YES;
				CLANG_WARN_ENUM_CONVERSION = YES;
				CLANG_WARN_INFINITE_RECURSION = YES;
				CLANG_WARN_INT_CONVERSION = YES;
				CLANG_WARN_NON_LITERAL_NULL_CONVERSION = YES;
				CLANG_WARN_OBJC_IMPLICIT_RETAIN_SELF = YES;
				CLANG_WARN_OBJC_LITERAL_CONVERSION = YES;
				CLANG_WARN_OBJC_ROOT_CLASS = YES_ERROR;
				CLANG_WARN_QUOTED_INCLUDE_IN_FRAMEWORK_HEADER = YES;
				CLANG_WARN_RANGE_LOOP_ANALYSIS = YES;
				CLANG_WARN_STRICT_PROTOTYPES = YES;
				CLANG_WARN_SUSPICIOUS_MOVE = YES;
				CLANG_WARN_UNGUARDED_AVAILABILITY = YES_AGGRESSIVE;
				CLANG_WARN_UNREACHABLE_CODE = YES;
				CLANG_WARN__DUPLICATE_METHOD_MATCH = YES;
				CODE_SIGNING_ALLOWED = NO;
				COPY_PHASE_STRIP = NO;
				DEBUG_INFORMATION_FORMAT = dwarf;
				ENABLE_STRICT_OBJC_MSGSEND = YES;
				ENABLE_TESTABILITY = YES;
				GCC_C_LANGUAGE_STANDARD = gnu11;
				GCC_DYNAMIC_NO_PIC = NO;
				GCC_NO_COMMON_BLOCKS = YES;
				GCC_OPTIMIZATION_LEVEL = 0;
				GCC_PREPROCESSOR_DEFINITIONS = (
					"$(inherited)",
					"DEBUG=1",
				);
				GCC_WARN_64_TO_32_BIT_CONVERSION = YES;
				GCC_WARN_ABOUT_RETURN_TYPE = YES_ERROR;
				GCC_WARN_UNDECLARED_SELECTOR = YES;
				GCC_WARN_UNINITIALIZED_AUTOS = YES_AGGRESSIVE;
				GCC_WARN_UNUSED_FUNCTION = YES;
				GCC_WARN_UNUSED_VARIABLE = YES;
				IPHONEOS_DEPLOYMENT_TARGET = 17.0;
				MTL_ENABLE_DEBUG_INFO = INCLUDE_SOURCE;
				MTL_FAST_MATH = YES;
				ONLY_ACTIVE_ARCH = YES;
				PRODUCT_NAME = "$(TARGET_NAME)";
				SDKROOT = iphoneos;
				SWIFT_ACTIVE_COMPILATION_CONDITIONS = DEBUG;
				SWIFT_OPTIMIZATION_LEVEL = "-Onone";
				SWIFT_VERSION = 6.0;
				TARGETED_DEVICE_FAMILY = "1,2";
			};
			name = Debug;
		};
		F69597E65866F2E81AD6889F /* Debug */ = {
			isa = XCBuildConfiguration;
			buildSettings = {
				ASSETCATALOG_COMPILER_APPICON_NAME = AppIcon;
				CODE_SIGN_IDENTITY = "iPhone Developer";
				INFOPLIST_FILE = Info.plist;
				INFOPLIST_KEY_CFBundleDisplayName = Bloomguard;
				LD_RUNPATH_SEARCH_PATHS = (
					"$(inherited)",
					"@executable_path/Frameworks",
				);
				PRODUCT_BUNDLE_IDENTIFIER = garden.bloomguard.ios;
				SDKROOT = iphoneos;
				TARGETED_DEVICE_FAMILY = "1,2";
			};
			name = Debug;
		};
/* End XCBuildConfiguration section */

/* Begin XCConfigurationList section */
		57648087354F5449832CF2DE /* Build configuration list for PBXProject "Bloomguard" */ = {
			isa = XCConfigurationList;
			buildConfigurations = (
				CBBCD29EBDAA7469854643CE /* Debug */,
				97849597226F85B4E060BD24 /* Release */,
			);
			defaultConfigurationIsVisible = 0;
			defaultConfigurationName = Debug;
		};
		A05DD99A7434E7C297EA0E4B /* Build configuration list for PBXNativeTarget "Bloomguard" */ = {
			isa = XCConfigurationList;
			buildConfigurations = (
				F69597E65866F2E81AD6889F /* Debug */,
				0C5DEEC8FCD7A67916D4D276 /* Release */,
			);
			defaultConfigurationIsVisible = 0;
			defaultConfigurationName = Debug;
		};
/* End XCConfigurationList section */
	};
	rootObject = 5E00B3B0A79DE488AACCBD9F /* Project object */;
}
